# This is a Gradle generated file for dependency locking.
# Manual edits can break the build and are not advised.
# This file is expected to be part of source control.
ch.qos.logback:logback-classic:1.5.21=compileClasspath,runtimeClasspath,testCompileClasspath,testRuntimeClasspath
ch.qos.logback:logback-core:1.5.21=compileClasspath,runtimeClasspath,testCompileClasspath,testRuntimeClasspath
com.fasterxml:classmate:1.7.1=compileClasspath,runtimeClasspath,testCompileClasspath,testRuntimeClasspath
com.google.cloud:libraries-bom:26.84.0=compileClasspath,runtimeClasspath,testCompileClasspath,testRuntimeClasspath
io.micrometer:micrometer-commons:1.15.6=compileClasspath,runtimeClasspath,testCompileClasspath,testRuntimeClasspath
io.micrometer:micrometer-observation:1.15.6=compileClasspath,runtimeClasspath,testCompileClasspath,testRuntimeClasspath
jakarta.annotation:jakarta.annotation-api:2.1.1=compileClasspath,runtimeClasspath,testCompileClasspath,testRuntimeClasspath
jakarta.validation:jakarta.validation-api:3.0.2=compileClasspath,runtimeClasspath,testCompileClasspath,testRuntimeClasspath
org.apache.logging.log4j:log4j-api:2.24.3=compileClasspath,runtimeClasspath,testCompileClasspath,testRuntimeClasspath
org.apache.logging.log4j:log4j-to-slf4j:2.24.3=compileClasspath,runtimeClasspath,testCompileClasspath,testRuntimeClasspath
org.apache.tomcat.embed:tomcat-embed-el:10.1.49=compileClasspath,runtimeClasspath,testCompileClasspath,testRuntimeClasspath
org.hibernate.validator:hibernate-validator:8.0.3.Final=compileClasspath,runtimeClasspath,testCompileClasspath,testRuntimeClasspath
org.jboss.logging:jboss-logging:3.6.1.Final=compileClasspath,runtimeClasspath,testCompileClasspath,testRuntimeClasspath
org.projectlombok:lombok:1.18.42=annotationProcessor,compileClasspath
org.slf4j:jul-to-slf4j:2.0.17=compileClasspath,runtimeClasspath,testCompileClasspath,testRuntimeClasspath
org.slf4j:slf4j-api:2.0.17=compileClasspath,runtimeClasspath,testCompileClasspath,testRuntimeClasspath
org.springframework.ai:spring-ai-bom:1.1.2=compileClasspath,runtimeClasspath,testCompileClasspath,testRuntimeClasspath
org.springframework.boot:spring-boot-autoconfigure:3.5.8=compileClasspath,runtimeClasspath,testCompileClasspath,testRuntimeClasspath
org.springframework.boot:spring-boot-dependencies:3.5.8=annotationProcessor,compileClasspath,runtimeClasspath,testCompileClasspath,testRuntimeClasspath
org.springframework.boot:spring-boot-starter-logging:3.5.8=compileClasspath,runtimeClasspath,testCompileClasspath,testRuntimeClasspath
org.springframework.boot:spring-boot-starter-validation:3.5.8=compileClasspath,runtimeClasspath,testCompileClasspath,testRuntimeClasspath
org.springframework.boot:spring-boot-starter:3.5.8=compileClasspath,runtimeClasspath,testCompileClasspath,testRuntimeClasspath
org.springframework.boot:spring-boot:3.5.8=compileClasspath,runtimeClasspath,testCompileClasspath,testRuntimeClasspath
org.springframework:spring-aop:6.2.14=compileClasspath,runtimeClasspath,testCompileClasspath,testRuntimeClasspath
org.springframework:spring-beans:6.2.14=compileClasspath,runtimeClasspath,testCompileClasspath,testRuntimeClasspath
org.springframework:spring-context:6.2.14=compileClasspath,runtimeClasspath,testCompileClasspath,testRuntimeClasspath
org.springframework:spring-core:6.2.14=compileClasspath,runtimeClasspath,testCompileClasspath,testRuntimeClasspath
org.springframework:spring-expression:6.2.14=compileClasspath,runtimeClasspath,testCompileClasspath,testRuntimeClasspath
org.springframework:spring-jcl:6.2.14=compileClasspath,runtimeClasspath,testCompileClasspath,testRuntimeClasspath
org.yaml:snakeyaml:2.4=compileClasspath,runtimeClasspath,testCompileClasspath,testRuntimeClasspath
empty=testAnnotationProcessor
