# This is a Gradle generated file for dependency locking.
# Manual edits can break the build and are not advised.
# This file is expected to be part of source control.
ch.qos.logback:logback-classic:1.5.21=compileClasspath,runtimeClasspath,testCompileClasspath,testRuntimeClasspath
ch.qos.logback:logback-core:1.5.21=compileClasspath,runtimeClasspath,testCompileClasspath,testRuntimeClasspath
com.bucket4j:bucket4j_jdk17-core:8.16.1=runtimeClasspath,testRuntimeClasspath
com.fasterxml.jackson.core:jackson-annotations:2.19.4=runtimeClasspath,testRuntimeClasspath
com.fasterxml.jackson.core:jackson-core:2.19.4=runtimeClasspath,testRuntimeClasspath
com.fasterxml.jackson.core:jackson-databind:2.19.4=runtimeClasspath,testRuntimeClasspath
com.fasterxml.jackson.dataformat:jackson-dataformat-yaml:2.19.4=runtimeClasspath,testRuntimeClasspath
com.fasterxml.jackson.datatype:jackson-datatype-jdk8:2.19.4=runtimeClasspath,testRuntimeClasspath
com.fasterxml.jackson.datatype:jackson-datatype-jsr310:2.19.4=runtimeClasspath,testRuntimeClasspath
com.fasterxml.jackson.module:jackson-module-parameter-names:2.19.4=runtimeClasspath,testRuntimeClasspath
com.fasterxml.jackson:jackson-bom:2.19.4=runtimeClasspath,testRuntimeClasspath
com.fasterxml:classmate:1.7.1=compileClasspath,runtimeClasspath,testCompileClasspath,testRuntimeClasspath
com.google.cloud:libraries-bom:26.67.0=compileClasspath,runtimeClasspath,testCompileClasspath,testRuntimeClasspath
com.mysql:mysql-connector-j:9.5.0=runtimeClasspath,testRuntimeClasspath
com.sun.istack:istack-commons-runtime:4.1.2=runtimeClasspath,testRuntimeClasspath
com.zaxxer:HikariCP:6.3.3=runtimeClasspath,testRuntimeClasspath
io.github.resilience4j:resilience4j-annotations:2.3.0=runtimeClasspath,testRuntimeClasspath
io.github.resilience4j:resilience4j-bulkhead:2.3.0=runtimeClasspath,testRuntimeClasspath
io.github.resilience4j:resilience4j-circuitbreaker:2.3.0=runtimeClasspath,testRuntimeClasspath
io.github.resilience4j:resilience4j-circularbuffer:2.3.0=runtimeClasspath,testRuntimeClasspath
io.github.resilience4j:resilience4j-consumer:2.3.0=runtimeClasspath,testRuntimeClasspath
io.github.resilience4j:resilience4j-core:2.3.0=runtimeClasspath,testRuntimeClasspath
io.github.resilience4j:resilience4j-framework-common:2.3.0=runtimeClasspath,testRuntimeClasspath
io.github.resilience4j:resilience4j-micrometer:2.3.0=runtimeClasspath,testRuntimeClasspath
io.github.resilience4j:resilience4j-ratelimiter:2.3.0=runtimeClasspath,testRuntimeClasspath
io.github.resilience4j:resilience4j-retry:2.3.0=runtimeClasspath,testRuntimeClasspath
io.github.resilience4j:resilience4j-spring-boot3:2.3.0=runtimeClasspath,testRuntimeClasspath
io.github.resilience4j:resilience4j-spring6:2.3.0=runtimeClasspath,testRuntimeClasspath
io.github.resilience4j:resilience4j-timelimiter:2.3.0=runtimeClasspath,testRuntimeClasspath
io.micrometer:micrometer-commons:1.15.6=compileClasspath,runtimeClasspath,testCompileClasspath,testRuntimeClasspath
io.micrometer:micrometer-core:1.15.6=runtimeClasspath,testRuntimeClasspath
io.micrometer:micrometer-observation:1.15.6=compileClasspath,runtimeClasspath,testCompileClasspath,testRuntimeClasspath
io.smallrye:jandex:3.2.0=runtimeClasspath,testRuntimeClasspath
io.swagger.core.v3:swagger-annotations-jakarta:2.2.30=runtimeClasspath,testRuntimeClasspath
io.swagger.core.v3:swagger-core-jakarta:2.2.30=runtimeClasspath,testRuntimeClasspath
io.swagger.core.v3:swagger-models-jakarta:2.2.30=runtimeClasspath,testRuntimeClasspath
jakarta.activation:jakarta.activation-api:2.1.4=runtimeClasspath,testRuntimeClasspath
jakarta.annotation:jakarta.annotation-api:2.1.1=compileClasspath,runtimeClasspath,testCompileClasspath,testRuntimeClasspath
jakarta.inject:jakarta.inject-api:2.0.1=runtimeClasspath,testRuntimeClasspath
jakarta.persistence:jakarta.persistence-api:3.1.0=runtimeClasspath,testRuntimeClasspath
jakarta.transaction:jakarta.transaction-api:2.0.1=runtimeClasspath,testRuntimeClasspath
jakarta.validation:jakarta.validation-api:3.0.2=compileClasspath,runtimeClasspath,testCompileClasspath,testRuntimeClasspath
jakarta.xml.bind:jakarta.xml.bind-api:4.0.4=runtimeClasspath,testRuntimeClasspath
net.bytebuddy:byte-buddy:1.17.8=runtimeClasspath,testRuntimeClasspath
org.antlr:antlr4-runtime:4.13.0=runtimeClasspath,testRuntimeClasspath
org.apache.commons:commons-lang3:3.17.0=runtimeClasspath,testRuntimeClasspath
org.apache.logging.log4j:log4j-api:2.24.3=compileClasspath,runtimeClasspath,testCompileClasspath,testRuntimeClasspath
org.apache.logging.log4j:log4j-to-slf4j:2.24.3=compileClasspath,runtimeClasspath,testCompileClasspath,testRuntimeClasspath
org.apache.tomcat.embed:tomcat-embed-core:10.1.49=runtimeClasspath,testRuntimeClasspath
org.apache.tomcat.embed:tomcat-embed-el:10.1.49=compileClasspath,runtimeClasspath,testCompileClasspath,testRuntimeClasspath
org.apache.tomcat.embed:tomcat-embed-websocket:10.1.49=runtimeClasspath,testRuntimeClasspath
org.aspectj:aspectjweaver:1.9.25=runtimeClasspath,testRuntimeClasspath
org.eclipse.angus:angus-activation:2.0.3=runtimeClasspath,testRuntimeClasspath
org.glassfish.jaxb:jaxb-core:4.0.6=runtimeClasspath,testRuntimeClasspath
org.glassfish.jaxb:jaxb-runtime:4.0.6=runtimeClasspath,testRuntimeClasspath
org.glassfish.jaxb:txw2:4.0.6=runtimeClasspath,testRuntimeClasspath
org.hashids:hashids:1.0.3=runtimeClasspath,testRuntimeClasspath
org.hdrhistogram:HdrHistogram:2.2.2=runtimeClasspath,testRuntimeClasspath
org.hibernate.common:hibernate-commons-annotations:7.0.3.Final=runtimeClasspath,testRuntimeClasspath
org.hibernate.orm:hibernate-core:6.6.36.Final=runtimeClasspath,testRuntimeClasspath
org.hibernate.validator:hibernate-validator:8.0.3.Final=compileClasspath,runtimeClasspath,testCompileClasspath,testRuntimeClasspath
org.jboss.logging:jboss-logging:3.6.1.Final=compileClasspath,runtimeClasspath,testCompileClasspath,testRuntimeClasspath
org.jetbrains.kotlin:kotlin-stdlib-jdk7:1.9.25=runtimeClasspath,testRuntimeClasspath
org.jetbrains.kotlin:kotlin-stdlib-jdk8:1.9.25=runtimeClasspath,testRuntimeClasspath
org.jetbrains.kotlin:kotlin-stdlib:1.9.25=runtimeClasspath,testRuntimeClasspath
org.jetbrains:annotations:13.0=runtimeClasspath,testRuntimeClasspath
org.jspecify:jspecify:1.0.0=runtimeClasspath,testRuntimeClasspath
org.latencyutils:LatencyUtils:2.0.3=runtimeClasspath,testRuntimeClasspath
org.projectlombok:lombok:1.18.42=annotationProcessor,compileClasspath
org.slf4j:jul-to-slf4j:2.0.17=compileClasspath,runtimeClasspath,testCompileClasspath,testRuntimeClasspath
org.slf4j:slf4j-api:2.0.17=compileClasspath,runtimeClasspath,testCompileClasspath,testRuntimeClasspath
org.springdoc:springdoc-openapi-starter-common:2.8.8=runtimeClasspath,testRuntimeClasspath
org.springdoc:springdoc-openapi-starter-webmvc-api:2.8.8=runtimeClasspath,testRuntimeClasspath
org.springdoc:springdoc-openapi-starter-webmvc-ui:2.8.8=runtimeClasspath,testRuntimeClasspath
org.springframework.ai:spring-ai-bom:1.1.2=compileClasspath,runtimeClasspath,testCompileClasspath,testRuntimeClasspath
org.springframework.boot:spring-boot-autoconfigure:3.5.8=compileClasspath,runtimeClasspath,testCompileClasspath,testRuntimeClasspath
org.springframework.boot:spring-boot-dependencies:3.5.8=annotationProcessor,compileClasspath,runtimeClasspath,testCompileClasspath,testRuntimeClasspath
org.springframework.boot:spring-boot-starter-data-jpa:3.5.8=runtimeClasspath,testRuntimeClasspath
org.springframework.boot:spring-boot-starter-jdbc:3.5.8=runtimeClasspath,testRuntimeClasspath
org.springframework.boot:spring-boot-starter-json:3.5.8=runtimeClasspath,testRuntimeClasspath
org.springframework.boot:spring-boot-starter-logging:3.5.8=compileClasspath,runtimeClasspath,testCompileClasspath,testRuntimeClasspath
org.springframework.boot:spring-boot-starter-tomcat:3.5.8=runtimeClasspath,testRuntimeClasspath
org.springframework.boot:spring-boot-starter-validation:3.5.8=compileClasspath,runtimeClasspath,testCompileClasspath,testRuntimeClasspath
org.springframework.boot:spring-boot-starter-web:3.5.8=runtimeClasspath,testRuntimeClasspath
org.springframework.boot:spring-boot-starter:3.5.8=compileClasspath,runtimeClasspath,testCompileClasspath,testRuntimeClasspath
org.springframework.boot:spring-boot:3.5.8=compileClasspath,runtimeClasspath,testCompileClasspath,testRuntimeClasspath
org.springframework.data:spring-data-commons:3.5.6=runtimeClasspath,testRuntimeClasspath
org.springframework.data:spring-data-jpa:3.5.6=runtimeClasspath,testRuntimeClasspath
org.springframework:spring-aop:6.2.14=compileClasspath,runtimeClasspath,testCompileClasspath,testRuntimeClasspath
org.springframework:spring-aspects:6.2.14=runtimeClasspath,testRuntimeClasspath
org.springframework:spring-beans:6.2.14=compileClasspath,runtimeClasspath,testCompileClasspath,testRuntimeClasspath
org.springframework:spring-context:6.2.14=compileClasspath,runtimeClasspath,testCompileClasspath,testRuntimeClasspath
org.springframework:spring-core:6.2.14=compileClasspath,runtimeClasspath,testCompileClasspath,testRuntimeClasspath
org.springframework:spring-expression:6.2.14=compileClasspath,runtimeClasspath,testCompileClasspath,testRuntimeClasspath
org.springframework:spring-jcl:6.2.14=compileClasspath,runtimeClasspath,testCompileClasspath,testRuntimeClasspath
org.springframework:spring-jdbc:6.2.14=runtimeClasspath,testRuntimeClasspath
org.springframework:spring-orm:6.2.14=runtimeClasspath,testRuntimeClasspath
org.springframework:spring-tx:6.2.14=runtimeClasspath,testRuntimeClasspath
org.springframework:spring-web:6.2.14=runtimeClasspath,testRuntimeClasspath
org.springframework:spring-webmvc:6.2.14=runtimeClasspath,testRuntimeClasspath
org.webjars:swagger-ui:5.21.0=runtimeClasspath,testRuntimeClasspath
org.webjars:webjars-locator-lite:1.1.2=runtimeClasspath,testRuntimeClasspath
org.yaml:snakeyaml:2.4=compileClasspath,runtimeClasspath,testCompileClasspath,testRuntimeClasspath
empty=testAnnotationProcessor
